// !$*UTF8*$!
{
	archiveVersion = 1;
	classes = {
	};
	objectVersion = 46;
	objects = {

/* Begin PBXBuildFile section */
		3FCDDEB51E4E4BCF0073C1D1 /* main.m in Sources */ = {isa = PBXBuildFile; fileRef = 3FCDDEB41E4E4BCF0073C1D1 /* main.m */; };
		3FCDDEBD1E4E4D2B0073C1D1 /* InputHandler.m in Sources */ = {isa = PBXBuildFile; fileRef = 3FCDDEBC1E4E4D2B0073C1D1 /* InputHandler.m */; };
		3FCDDEC01E4E51D50073C1D1 /* PaymentGateway.m in Sources */ = {isa = PBXBuildFile; fileRef = 3FCDDEBF1E4E51D50073C1D1 /* PaymentGateway.m */; };
		3FCDDEC41E4E54490073C1D1 /* PaypalPaymentService.m in Sources */ = {isa = PBXBuildFile; fileRef = 3FCDDEC31E4E54490073C1D1 /* PaypalPaymentService.m */; };
		3FCDDEC71E4E545E0073C1D1 /* StripePaymentService.m in Sources */ = {isa = PBXBuildFile; fileRef = 3FCDDEC61E4E545E0073C1D1 /* StripePaymentService.m */; };
		3FCDDECA1E4E546B0073C1D1 /* AmazonPaymentService.m in Sources */ = {isa = PBXBuildFile; fileRef = 3FCDDEC91E4E546B0073C1D1 /* AmazonPaymentService.m */; };
		3FCDDECD1E4E657C0073C1D1 /* ApplePayPaymentService.m in Sources */ = {isa = PBXBuildFile; fileRef = 3FCDDECC1E4E657C0073C1D1 /* ApplePayPaymentService.m */; };
/* End PBXBuildFile section */

/* Begin PBXCopyFilesBuildPhase section */
		3FCDDEAF1E4E4BCF0073C1D1 /* CopyFiles */ = {
			isa = PBXCopyFilesBuildPhase;
			buildActionMask = 2147483647;
			dstPath = /usr/share/man/man1/;
			dstSubfolderSpec = 0;
			files = (
			);
			runOnlyForDeploymentPostprocessing = 1;
		};
/* End PBXCopyFilesBuildPhase section */

/* Begin PBXFileReference section */
		3FCDDEB11E4E4BCF0073C1D1 /* PaymentsApp */ = {isa = PBXFileReference; explicitFileType = "compiled.mach-o.executable"; includeInIndex = 0; path = PaymentsApp; sourceTree = BUILT_PRODUCTS_DIR; };
		3FCDDEB41E4E4BCF0073C1D1 /* main.m */ = {isa = PBXFileReference; lastKnownFileType = sourcecode.c.objc; path = main.m; sourceTree = "<group>"; };
		3FCDDEBB1E4E4D2B0073C1D1 /* InputHandler.h */ = {isa = PBXFileReference; fileEncoding = 4; lastKnownFileType = sourcecode.c.h; path = InputHandler.h; sourceTree = "<group>"; };
		3FCDDEBC1E4E4D2B0073C1D1 /* InputHandler.m */ = {isa = PBXFileReference; fileEncoding = 4; lastKnownFileType = sourcecode.c.objc; path = InputHandler.m; sourceTree = "<group>"; };
		3FCDDEBE1E4E51D50073C1D1 /* PaymentGateway.h */ = {isa = PBXFileReference; fileEncoding = 4; lastKnownFileType = sourcecode.c.h; path = PaymentGateway.h; sourceTree = "<group>"; };
		3FCDDEBF1E4E51D50073C1D1 /* PaymentGateway.m */ = {isa = PBXFileReference; fileEncoding = 4; lastKnownFileType = sourcecode.c.objc; path = PaymentGateway.m; sourceTree = "<group>"; };
		3FCDDEC11E4E540A0073C1D1 /* PaymentDelegate.h */ = {isa = PBXFileReference; fileEncoding = 4; lastKnownFileType = sourcecode.c.h; path = PaymentDelegate.h; sourceTree = "<group>"; };
		3FCDDEC21E4E54490073C1D1 /* PaypalPaymentService.h */ = {isa = PBXFileReference; fileEncoding = 4; lastKnownFileType = sourcecode.c.h; path = PaypalPaymentService.h; sourceTree = "<group>"; };
		3FCDDEC31E4E54490073C1D1 /* PaypalPaymentService.m */ = {isa = PBXFileReference; fileEncoding = 4; lastKnownFileType = sourcecode.c.objc; path = PaypalPaymentService.m; sourceTree = "<group>"; };
		3FCDDEC51E4E545E0073C1D1 /* StripePaymentService.h */ = {isa = PBXFileReference; fileEncoding = 4; lastKnownFileType = sourcecode.c.h; path = StripePaymentService.h; sourceTree = "<group>"; };
		3FCDDEC61E4E545E0073C1D1 /* StripePaymentService.m */ = {isa = PBXFileReference; fileEncoding = 4; lastKnownFileType = sourcecode.c.objc; path = StripePaymentService.m; sourceTree = "<group>"; };
		3FCDDEC81E4E546B0073C1D1 /* AmazonPaymentService.h */ = {isa = PBXFileReference; fileEncoding = 4; lastKnownFileType = sourcecode.c.h; path = AmazonPaymentService.h; sourceTree = "<group>"; };
		3FCDDEC91E4E546B0073C1D1 /* AmazonPaymentService.m */ = {isa = PBXFileReference; fileEncoding = 4; lastKnownFileType = sourcecode.c.objc; path = AmazonPaymentService.m; sourceTree = "<group>"; };
		3FCDDECB1E4E657C0073C1D1 /* ApplePayPaymentService.h */ = {isa = PBXFileReference; fileEncoding = 4; lastKnownFileType = sourcecode.c.h; path = ApplePayPaymentService.h; sourceTree = "<group>"; };
		3FCDDECC1E4E657C0073C1D1 /* ApplePayPaymentService.m */ = {isa = PBXFileReference; fileEncoding = 4; lastKnownFileType = sourcecode.c.objc; path = ApplePayPaymentService.m; sourceTree = "<group>"; };
/* End PBXFileReference section */

/* Begin PBXFrameworksBuildPhase section */
		3FCDDEAE1E4E4BCF0073C1D1 /* Frameworks */ = {
			isa = PBXFrameworksBuildPhase;
			buildActionMask = 2147483647;
			files = (
			);
			runOnlyForDeploymentPostprocessing = 0;
		};
/* End PBXFrameworksBuildPhase section */

/* Begin PBXGroup section */
		3FCDDEA81E4E4BCF0073C1D1 = {
			isa = PBXGroup;
			children = (
				3FCDDEB31E4E4BCF0073C1D1 /* PaymentsApp */,
				3FCDDEB21E4E4BCF0073C1D1 /* Products */,
			);
			sourceTree = "<group>";
		};
		3FCDDEB21E4E4BCF0073C1D1 /* Products */ = {
			isa = PBXGroup;
			children = (
				3FCDDEB11E4E4BCF0073C1D1 /* PaymentsApp */,
			);
			name = Products;
			sourceTree = "<group>";
		};
		3FCDDEB31E4E4BCF0073C1D1 /* PaymentsApp */ = {
			isa = PBXGroup;
			children = (
				3FCDDEB41E4E4BCF0073C1D1 /* main.m */,
				3FCDDEBE1E4E51D50073C1D1 /* PaymentGateway.h */,
				3FCDDEC11E4E540A0073C1D1 /* PaymentDelegate.h */,
				3FCDDEBF1E4E51D50073C1D1 /* PaymentGateway.m */,
				3FCDDEC21E4E54490073C1D1 /* PaypalPaymentService.h */,
				3FCDDEC31E4E54490073C1D1 /* PaypalPaymentService.m */,
				3FCDDEC51E4E545E0073C1D1 /* StripePaymentService.h */,
				3FCDDEC61E4E545E0073C1D1 /* StripePaymentService.m */,
				3FCDDEC81E4E546B0073C1D1 /* AmazonPaymentService.h */,
				3FCDDEC91E4E546B0073C1D1 /* AmazonPaymentService.m */,
				3FCDDECB1E4E657C0073C1D1 /* ApplePayPaymentService.h */,
				3FCDDECC1E4E657C0073C1D1 /* ApplePayPaymentService.m */,
				3FCDDEBB1E4E4D2B0073C1D1 /* InputHandler.h */,
				3FCDDEBC1E4E4D2B0073C1D1 /* InputHandler.m */,
			);
			path = PaymentsApp;
			sourceTree = "<group>";
		};
/* End PBXGroup section */

/* Begin PBXNativeTarget section */
		3FCDDEB01E4E4BCF0073C1D1 /* PaymentsApp */ = {
			isa = PBXNativeTarget;
			buildConfigurationList = 3FCDDEB81E4E4BCF0073C1D1 /* Build configuration list for PBXNativeTarget "PaymentsApp" */;
			buildPhases = (
				3FCDDEAD1E4E4BCF0073C1D1 /* Sources */,
				3FCDDEAE1E4E4BCF0073C1D1 /* Frameworks */,
				3FCDDEAF1E4E4BCF0073C1D1 /* CopyFiles */,
			);
			buildRules = (
			);
			dependencies = (
			);
			name = PaymentsApp;
			productName = PaymentsApp;
			productReference = 3FCDDEB11E4E4BCF0073C1D1 /* PaymentsApp */;
			productType = "com.apple.product-type.tool";
		};
/* End PBXNativeTarget section */

/* Begin PBXProject section */
		3FCDDEA91E4E4BCF0073C1D1 /* Project object */ = {
			isa = PBXProject;
			attributes = {
				LastUpgradeCheck = 0810;
				ORGANIZATIONNAME = "Callum Davies";
				TargetAttributes = {
					3FCDDEB01E4E4BCF0073C1D1 = {
						CreatedOnToolsVersion = 8.1;
						ProvisioningStyle = Automatic;
					};
				};
			};
			buildConfigurationList = 3FCDDEAC1E4E4BCF0073C1D1 /* Build configuration list for PBXProject "PaymentsApp" */;
			compatibilityVersion = "Xcode 3.2";
			developmentRegion = English;
			hasScannedForEncodings = 0;
			knownRegions = (
				en,
			);
			mainGroup = 3FCDDEA81E4E4BCF0073C1D1;
			productRefGroup = 3FCDDEB21E4E4BCF0073C1D1 /* Products */;
			projectDirPath = "";
			projectRoot = "";
			targets = (
				3FCDDEB01E4E4BCF0073C1D1 /* PaymentsApp */,
			);
		};
/* End PBXProject section */

/* Begin PBXSourcesBuildPhase section */
		3FCDDEAD1E4E4BCF0073C1D1 /* Sources */ = {
			isa = PBXSourcesBuildPhase;
			buildActionMask = 2147483647;
			files = (
				3FCDDECA1E4E546B0073C1D1 /* AmazonPaymentService.m in Sources */,
				3FCDDEC71E4E545E0073C1D1 /* StripePaymentService.m in Sources */,
				3FCDDEC01E4E51D50073C1D1 /* PaymentGateway.m in Sources */,
				3FCDDEB51E4E4BCF0073C1D1 /* main.m in Sources */,
				3FCDDEBD1E4E4D2B0073C1D1 /* InputHandler.m in Sources */,
				3FCDDECD1E4E657C0073C1D1 /* ApplePayPaymentService.m in Sources */,
				3FCDDEC41E4E54490073C1D1 /* PaypalPaymentService.m in Sources */,
			);
			runOnlyForDeploymentPostprocessing = 0;
		};
/* End PBXSourcesBuildPhase section */

/* Begin XCBuildConfiguration section */
		3FCDDEB61E4E4BCF0073C1D1 /* Debug */ = {
			isa = XCBuildConfiguration;
			buildSettings = {
				ALWAYS_SEARCH_USER_PATHS = NO;
				CLANG_ANALYZER_NONNULL = YES;
				CLANG_CXX_LANGUAGE_STANDARD = "gnu++0x";
				CLANG_CXX_LIBRARY = "libc++";
				CLANG_ENABLE_MODULES = YES;
				CLANG_ENABLE_OBJC_ARC = YES;
				CLANG_WARN_BOOL_CONVERSION = YES;
				CLANG_WARN_CONSTANT_CONVERSION = YES;
				CLANG_WARN_DIRECT_OBJC_ISA_USAGE = YES_ERROR;
				CLANG_WARN_DOCUMENTATION_COMMENTS = YES;
				CLANG_WARN_EMPTY_BODY = YES;
				CLANG_WARN_ENUM_CONVERSION = YES;
				CLANG_WARN_INFINITE_RECURSION = YES;
				CLANG_WARN_INT_CONVERSION = YES;
				CLANG_WARN_OBJC_ROOT_CLASS = YES_ERROR;
				CLANG_WARN_SUSPICIOUS_MOVES = YES;
				CLANG_WARN_UNREACHABLE_CODE = YES;
				CLANG_WARN__DUPLICATE_METHOD_MATCH = YES;
				CODE_SIGN_IDENTITY = "-";
				COPY_PHASE_STRIP = NO;
				DEBUG_INFORMATION_FORMAT = dwarf;
				ENABLE_STRICT_OBJC_MSGSEND = YES;
				ENABLE_TESTABILITY = YES;
				GCC_C_LANGUAGE_STANDARD = gnu99;
				GCC_DYNAMIC_NO_PIC = NO;
				GCC_NO_COMMON_BLOCKS = YES;
				GCC_OPTIMIZATION_LEVEL = 0;
				GCC_PREPROCESSOR_DEFINITIONS = (
					"DEBUG=1",
					"$(inherited)",
				);
				GCC_WARN_64_TO_32_BIT_CONVERSION = YES;
				GCC_WARN_ABOUT_RETURN_TYPE = YES_ERROR;
				GCC_WARN_UNDECLARED_SELECTOR = YES;
				GCC_WARN_UNINITIALIZED_AUTOS = YES_AGGRESSIVE;
				GCC_WARN_UNUSED_FUNCTION = YES;
				GCC_WARN_UNUSED_VARIABLE = YES;
				MACOSX_DEPLOYMENT_TARGET = 10.12;
				MTL_ENABLE_DEBUG_INFO = YES;
				ONLY_ACTIVE_ARCH = YES;
				SDKROOT = macosx;
			};
			name = Debug;
		};
		3FCDDEB71E4E4BCF0073C1D1 /* Release */ = {
			isa = XCBuildConfiguration;
			buildSettings = {
				ALWAYS_SEARCH_USER_PATHS = NO;
				CLANG_ANALYZER_NONNULL = YES;
				CLANG_CXX_LANGUAGE_STANDARD = "gnu++0x";
				CLANG_CXX_LIBRARY = "libc++";
				CLANG_ENABLE_MODULES = YES;
				CLANG_ENABLE_OBJC_ARC = YES;
				CLANG_WARN_BOOL_CONVERSION = YES;
				CLANG_WARN_CONSTANT_CONVERSION = YES;
				CLANG_WARN_DIRECT_OBJC_ISA_USAGE = YES_ERROR;
				CLANG_WARN_DOCUMENTATION_COMMENTS = YES;
				CLANG_WARN_EMPTY_BODY = YES;
				CLANG_WARN_ENUM_CONVERSION = YES;
				CLANG_WARN_INFINITE_RECURSION = YES;
				CLANG_WARN_INT_CONVERSION = YES;
				CLANG_WARN_OBJC_ROOT_CLASS = YES_ERROR;
				CLANG_WARN_SUSPICIOUS_MOVES = YES;
				CLANG_WARN_UNREACHABLE_CODE = YES;
				CLANG_WARN__DUPLICATE_METHOD_MATCH = YES;
				CODE_SIGN_IDENTITY = "-";
				COPY_PHASE_STRIP = NO;
				DEBUG_INFORMATION_FORMAT = "dwarf-with-dsym";
				ENABLE_NS_ASSERTIONS = NO;
				ENABLE_STRICT_OBJC_MSGSEND = YES;
				GCC_C_LANGUAGE_STANDARD = gnu99;
				GCC_NO_COMMON_BLOCKS = YES;
				GCC_WARN_64_TO_32_BIT_CONVERSION = YES;
				GCC_WARN_ABOUT_RETURN_TYPE = YES_ERROR;
				GCC_WARN_UNDECLARED_SELECTOR = YES;
				GCC_WARN_UNINITIALIZED_AUTOS = YES_AGGRESSIVE;
				GCC_WARN_UNUSED_FUNCTION = YES;
				GCC_WARN_UNUSED_VARIABLE = YES;
				MACOSX_DEPLOYMENT_TARGET = 10.12;
				MTL_ENABLE_DEBUG_INFO = NO;
				SDKROOT = macosx;
			};
			name = Release;
		};
		3FCDDEB91E4E4BCF0073C1D1 /* Debug */ = {
			isa = XCBuildConfiguration;
			buildSettings = {
				PRODUCT_NAME = "$(TARGET_NAME)";
			};
			name = Debug;
		};
		3FCDDEBA1E4E4BCF0073C1D1 /* Release */ = {
			isa = XCBuildConfiguration;
			buildSettings = {
				PRODUCT_NAME = "$(TARGET_NAME)";
			};
			name = Release;
		};
/* End XCBuildConfiguration section */

/* Begin XCConfigurationList section */
		3FCDDEAC1E4E4BCF0073C1D1 /* Build configuration list for PBXProject "PaymentsApp" */ = {
			isa = XCConfigurationList;
			buildConfigurations = (
				3FCDDEB61E4E4BCF0073C1D1 /* Debug */,
				3FCDDEB71E4E4BCF0073C1D1 /* Release */,
			);
			defaultConfigurationIsVisible = 0;
			defaultConfigurationName = Release;
		};
		3FCDDEB81E4E4BCF0073C1D1 /* Build configuration list for PBXNativeTarget "PaymentsApp" */ = {
			isa = XCConfigurationList;
			buildConfigurations = (
				3FCDDEB91E4E4BCF0073C1D1 /* Debug */,
				3FCDDEBA1E4E4BCF0073C1D1 /* Release */,
			);
			defaultConfigurationIsVisible = 0;
		};
/* End XCConfigurationList section */
	};
	rootObject = 3FCDDEA91E4E4BCF0073C1D1 /* Project object */;
}
